
Microsoft Visual Studio Solution File, Format Version 12.00
# Visual Studio 16
Project("{FAE04EC0-301F-11D3-BF4B-00C04F79EFBC}") = "Assembly-CSharp", "Assembly-CSharp.csproj", "{1D62BDF5-B031-C44D-E22B-B181408F74FE}"
EndProject
Project("{FAE04EC0-301F-11D3-BF4B-00C04F79EFBC}") = "Assembly-CSharp-Editor", "Assembly-CSharp-Editor.csproj", "{62A19F64-10B3-C5B1-EEAB-2F2781A8E18B}"
EndProject
Global
	GlobalSection(SolutionConfigurationPlatforms) = preSolution
		Debug|Any CPU = Debug|Any CPU
		Release|Any CPU = Release|Any CPU
	EndGlobalSection
	GlobalSection(ProjectConfigurationPlatforms) = postSolution
		{1D62BDF5-B031-C44D-E22B-B181408F74FE}.Debug|Any CPU.ActiveCfg = Debug|Any CPU
		{1D62BDF5-B031-C44D-E22B-B181408F74FE}.Debug|Any CPU.Build.0 = Debug|Any CPU
		{1D62BDF5-B031-C44D-E22B-B181408F74FE}.Release|Any CPU.ActiveCfg = Release|Any CPU
		{1D62BDF5-B031-C44D-E22B-B181408F74FE}.Release|Any CPU.Build.0 = Release|Any CPU
		{62A19F64-10B3-C5B1-EEAB-2F2781A8E18B}.Debug|Any CPU.ActiveCfg = Debug|Any CPU
		{62A19F64-10B3-C5B1-EEAB-2F2781A8E18B}.Debug|Any CPU.Build.0 = Debug|Any CPU
		{62A19F64-10B3-C5B1-EEAB-2F2781A8E18B}.Release|Any CPU.ActiveCfg = Release|Any CPU
		{62A19F64-10B3-C5B1-EEAB-2F2781A8E18B}.Release|Any CPU.Build.0 = Release|Any CPU
	EndGlobalSection
	GlobalSection(SolutionProperties) = preSolution
		HideSolutionNode = FALSE
	EndGlobalSection
EndGlobal
