
Microsoft Visual Studio Solution File, Format Version 11.00
# Visual Studio 2010
Project("{FAE04EC0-301F-11D3-BF4B-00C04F79EFBC}") = "Assembly-CSharp", "Assembly-CSharp.csproj", "{f5bd621d-31b0-4dc4-e22b-b181408f74fe}"
EndProject
Project("{FAE04EC0-301F-11D3-BF4B-00C04F79EFBC}") = "Assembly-CSharp-Editor", "Assembly-CSharp-Editor.csproj", "{649fa162-b310-b1c5-eeab-2f2781a8e18b}"
EndProject
Global
	GlobalSection(SolutionConfigurationPlatforms) = preSolution
		Debug|Any CPU = Debug|Any CPU
	EndGlobalSection
	GlobalSection(ProjectConfigurationPlatforms) = postSolution
		{f5bd621d-31b0-4dc4-e22b-b181408f74fe}.Debug|Any CPU.ActiveCfg = Debug|Any CPU
		{f5bd621d-31b0-4dc4-e22b-b181408f74fe}.Debug|Any CPU.Build.0 = Debug|Any CPU
		{649fa162-b310-b1c5-eeab-2f2781a8e18b}.Debug|Any CPU.ActiveCfg = Debug|Any CPU
		{649fa162-b310-b1c5-eeab-2f2781a8e18b}.Debug|Any CPU.Build.0 = Debug|Any CPU
	EndGlobalSection
	GlobalSection(SolutionProperties) = preSolution
		HideSolutionNode = FALSE
	EndGlobalSection
EndGlobal
